
Microsoft Visual Studio Solution File, Format Version 12.00
# Visual Studio 15
VisualStudioVersion = 15.0.26730.16
MinimumVisualStudioVersion = 10.0.40219.1
Project("{2150E333-8FDC-42A3-9474-1A3956D46DE8}") = "src", "src", "{2408EC7B-2E06-46A5-B6AC-D4E985E30CBB}"
EndProject
Project("{2150E333-8FDC-42A3-9474-1A3956D46DE8}") = "Solution Items", "Solution Items", "{DFF21B2A-7F52-448D-8867-D1C4EEAF73A7}"
	ProjectSection(SolutionItems) = preProject
		.gitignore = .gitignore
		azure-pipelines.yml = azure-pipelines.yml
		CODEOWNERS = CODEOWNERS
		Dockerfile = Dockerfile
		LICENSE = LICENSE
		Readme.md = Readme.md
		development.env = development.env
		development.env.sample = development.env.sample
		CODE_OF_CONDUCT.md = CODE_OF_CONDUCT.md
	EndProjectSection
EndProject
Project("{9A19103F-16F7-4668-BE54-9A1E7A4F7556}") = "NZFurs.Auth", "src\NZFurs.Auth\NZFurs.Auth.csproj", "{25920D7F-C468-47EC-8B3E-53CCB20C59A3}"
EndProject
Project("{FAE04EC0-301F-11D3-BF4B-00C04F79EFBC}") = "NZFurs.Auth.ClientSecretGenerator", "src\NZFurs.Auth.ClientSecretGenerator\NZFurs.Auth.ClientSecretGenerator.csproj", "{9F3B157C-CEB5-4D7A-BAE8-1C5E5883D191}"
EndProject
Global
	GlobalSection(SolutionConfigurationPlatforms) = preSolution
		Debug|Any CPU = Debug|Any CPU
		Release|Any CPU = Release|Any CPU
	EndGlobalSection
	GlobalSection(ProjectConfigurationPlatforms) = postSolution
		{25920D7F-C468-47EC-8B3E-53CCB20C59A3}.Debug|Any CPU.ActiveCfg = Debug|Any CPU
		{25920D7F-C468-47EC-8B3E-53CCB20C59A3}.Debug|Any CPU.Build.0 = Debug|Any CPU
		{25920D7F-C468-47EC-8B3E-53CCB20C59A3}.Release|Any CPU.ActiveCfg = Release|Any CPU
		{25920D7F-C468-47EC-8B3E-53CCB20C59A3}.Release|Any CPU.Build.0 = Release|Any CPU
		{9F3B157C-CEB5-4D7A-BAE8-1C5E5883D191}.Debug|Any CPU.ActiveCfg = Debug|Any CPU
		{9F3B157C-CEB5-4D7A-BAE8-1C5E5883D191}.Debug|Any CPU.Build.0 = Debug|Any CPU
		{9F3B157C-CEB5-4D7A-BAE8-1C5E5883D191}.Release|Any CPU.ActiveCfg = Release|Any CPU
		{9F3B157C-CEB5-4D7A-BAE8-1C5E5883D191}.Release|Any CPU.Build.0 = Release|Any CPU
	EndGlobalSection
	GlobalSection(SolutionProperties) = preSolution
		HideSolutionNode = FALSE
	EndGlobalSection
	GlobalSection(NestedProjects) = preSolution
		{25920D7F-C468-47EC-8B3E-53CCB20C59A3} = {2408EC7B-2E06-46A5-B6AC-D4E985E30CBB}
		{9F3B157C-CEB5-4D7A-BAE8-1C5E5883D191} = {2408EC7B-2E06-46A5-B6AC-D4E985E30CBB}
	EndGlobalSection
	GlobalSection(ExtensibilityGlobals) = postSolution
		SolutionGuid = {DA180829-4EA8-4C3B-BCF1-0379C9588BE6}
	EndGlobalSection
EndGlobal
